
Microsoft Visual Studio Solution File, Format Version 12.00
# Visual Studio Version 16
VisualStudioVersion = 16.0.30711.63
MinimumVisualStudioVersion = 10.0.40219.1
Project("{9A19103F-16F7-4668-BE54-9A1E7A4F7556}") = "APP", "APP\APP.csproj", "{458D0C32-F3AD-40C3-B318-849DD8A8F620}"
EndProject
Project("{9A19103F-16F7-4668-BE54-9A1E7A4F7556}") = "MLDemoML.Model", "MLDemoML.Model\MLDemoML.Model.csproj", "{36800CC2-995A-4243-98C5-BA9E8A4868FF}"
EndProject
Project("{9A19103F-16F7-4668-BE54-9A1E7A4F7556}") = "MLDemoML.ConsoleApp", "MLDemoML.ConsoleApp\MLDemoML.ConsoleApp.csproj", "{D3C29238-76EC-47CD-873C-542A8ED9CC3D}"
EndProject
Global
	GlobalSection(SolutionConfigurationPlatforms) = preSolution
		Debug|Any CPU = Debug|Any CPU
		Release|Any CPU = Release|Any CPU
	EndGlobalSection
	GlobalSection(ProjectConfigurationPlatforms) = postSolution
		{458D0C32-F3AD-40C3-B318-849DD8A8F620}.Debug|Any CPU.ActiveCfg = Debug|Any CPU
		{458D0C32-F3AD-40C3-B318-849DD8A8F620}.Debug|Any CPU.Build.0 = Debug|Any CPU
		{458D0C32-F3AD-40C3-B318-849DD8A8F620}.Release|Any CPU.ActiveCfg = Release|Any CPU
		{458D0C32-F3AD-40C3-B318-849DD8A8F620}.Release|Any CPU.Build.0 = Release|Any CPU
		{36800CC2-995A-4243-98C5-BA9E8A4868FF}.Debug|Any CPU.ActiveCfg = Debug|Any CPU
		{36800CC2-995A-4243-98C5-BA9E8A4868FF}.Debug|Any CPU.Build.0 = Debug|Any CPU
		{36800CC2-995A-4243-98C5-BA9E8A4868FF}.Release|Any CPU.ActiveCfg = Release|Any CPU
		{36800CC2-995A-4243-98C5-BA9E8A4868FF}.Release|Any CPU.Build.0 = Release|Any CPU
		{D3C29238-76EC-47CD-873C-542A8ED9CC3D}.Debug|Any CPU.ActiveCfg = Debug|Any CPU
		{D3C29238-76EC-47CD-873C-542A8ED9CC3D}.Debug|Any CPU.Build.0 = Debug|Any CPU
		{D3C29238-76EC-47CD-873C-542A8ED9CC3D}.Release|Any CPU.ActiveCfg = Release|Any CPU
		{D3C29238-76EC-47CD-873C-542A8ED9CC3D}.Release|Any CPU.Build.0 = Release|Any CPU
	EndGlobalSection
	GlobalSection(SolutionProperties) = preSolution
		HideSolutionNode = FALSE
	EndGlobalSection
	GlobalSection(ExtensibilityGlobals) = postSolution
		SolutionGuid = {F38FDF83-A73A-4855-AF42-25A5FBB5E79E}
	EndGlobalSection
EndGlobal
